// !$*UTF8*$!
{
	archiveVersion = 1;
	classes = {
	};
	objectVersion = 55;
	objects = {

/* Begin PBXBuildFile section */
		7C10CDCB27FAD42100E9C782 /* BoutTimeApp.swift in Sources */ = {isa = PBXBuildFile; fileRef = 7C10CDCA27FAD42100E9C782 /* BoutTimeApp.swift */; };
		7C10CDCF27FAD42200E9C782 /* Assets.xcassets in Resources */ = {isa = PBXBuildFile; fileRef = 7C10CDCE27FAD42200E9C782 /* Assets.xcassets */; };
		7C10CDD227FAD42200E9C782 /* Preview Assets.xcassets in Resources */ = {isa = PBXBuildFile; fileRef = 7C10CDD127FAD42200E9C782 /* Preview Assets.xcassets */; };
		7C10CDD427FAD42200E9C782 /* Persistence.swift in Sources */ = {isa = PBXBuildFile; fileRef = 7C10CDD327FAD42200E9C782 /* Persistence.swift */; };
		7C10CDD727FAD42200E9C782 /* BoutTime.xcdatamodeld in Sources */ = {isa = PBXBuildFile; fileRef = 7C10CDD527FAD42200E9C782 /* BoutTime.xcdatamodeld */; };
		7C10CDEF27FAD62D00E9C782 /* NumberFormatter.swift in Sources */ = {isa = PBXBuildFile; fileRef = 7C10CDEE27FAD62D00E9C782 /* NumberFormatter.swift */; };
		7C10CDF127FAD65E00E9C782 /* PriorityConstants.swift in Sources */ = {isa = PBXBuildFile; fileRef = 7C10CDF027FAD65E00E9C782 /* PriorityConstants.swift */; };
		7C10CDF327FAD66E00E9C782 /* ColorConstants.swift in Sources */ = {isa = PBXBuildFile; fileRef = 7C10CDF227FAD66E00E9C782 /* ColorConstants.swift */; };
		7C10CDF527FAD6A700E9C782 /* ClearTextField.swift in Sources */ = {isa = PBXBuildFile; fileRef = 7C10CDF427FAD6A700E9C782 /* ClearTextField.swift */; };
		7C10CDFC27FAD72200E9C782 /* PointScreen.swift in Sources */ = {isa = PBXBuildFile; fileRef = 7C10CDFB27FAD72200E9C782 /* PointScreen.swift */; };
		7C10CDFE27FAD73700E9C782 /* PrioritiesScreen.swift in Sources */ = {isa = PBXBuildFile; fileRef = 7C10CDFD27FAD73700E9C782 /* PrioritiesScreen.swift */; };
		7C10CE0027FAD75000E9C782 /* AddPrioritySheetView.swift in Sources */ = {isa = PBXBuildFile; fileRef = 7C10CDFF27FAD75000E9C782 /* AddPrioritySheetView.swift */; };
		7C10CE0827FAD78600E9C782 /* EditPrioritySheetView.swift in Sources */ = {isa = PBXBuildFile; fileRef = 7C10CE0727FAD78600E9C782 /* EditPrioritySheetView.swift */; };
		7C10CE0A27FAD79400E9C782 /* EditPointSheetView.swift in Sources */ = {isa = PBXBuildFile; fileRef = 7C10CE0927FAD79400E9C782 /* EditPointSheetView.swift */; };
		7C10CE0C27FAD87C00E9C782 /* ColorPickerView.swift in Sources */ = {isa = PBXBuildFile; fileRef = 7C10CE0B27FAD87C00E9C782 /* ColorPickerView.swift */; };
		7C10CE0F27FAD8A100E9C782 /* ColorCircle.swift in Sources */ = {isa = PBXBuildFile; fileRef = 7C10CE0E27FAD8A100E9C782 /* ColorCircle.swift */; };
		7C10CE1127FAD94900E9C782 /* CheckBoxView.swift in Sources */ = {isa = PBXBuildFile; fileRef = 7C10CE1027FAD94900E9C782 /* CheckBoxView.swift */; };
		7C10CE1327FAD95800E9C782 /* CardDetailView.swift in Sources */ = {isa = PBXBuildFile; fileRef = 7C10CE1227FAD95800E9C782 /* CardDetailView.swift */; };
		7C10CE1627FAD96500E9C782 /* PointView.swift in Sources */ = {isa = PBXBuildFile; fileRef = 7C10CE1527FAD96500E9C782 /* PointView.swift */; };
		7C10CE1827FAD9F800E9C782 /* ListCardView.swift in Sources */ = {isa = PBXBuildFile; fileRef = 7C10CE1727FAD9F800E9C782 /* ListCardView.swift */; };
		7C10CE1B27FADA2300E9C782 /* OnProgressView.swift in Sources */ = {isa = PBXBuildFile; fileRef = 7C10CE1A27FADA2300E9C782 /* OnProgressView.swift */; };
		7C10CE1D27FADA2E00E9C782 /* FinishedView.swift in Sources */ = {isa = PBXBuildFile; fileRef = 7C10CE1C27FADA2E00E9C782 /* FinishedView.swift */; };
		7C10CE2A27FAFA7F00E9C782 /* PriorityItem+CoreDataClass.swift in Sources */ = {isa = PBXBuildFile; fileRef = 7C10CE2827FAFA7F00E9C782 /* PriorityItem+CoreDataClass.swift */; };
		7C10CE2B27FAFA7F00E9C782 /* PriorityItem+CoreDataProperties.swift in Sources */ = {isa = PBXBuildFile; fileRef = 7C10CE2927FAFA7F00E9C782 /* PriorityItem+CoreDataProperties.swift */; };
		7C10CE2E27FB1C5C00E9C782 /* TrimString.swift in Sources */ = {isa = PBXBuildFile; fileRef = 7C10CE2D27FB1C5C00E9C782 /* TrimString.swift */; };
		7C9248CF27FBECAC00FFBA3F /* Transition.swift in Sources */ = {isa = PBXBuildFile; fileRef = 7C9248CE27FBECAC00FFBA3F /* Transition.swift */; };
		7C9248D127FBFED800FFBA3F /* PrioritySortDescriptiors.swift in Sources */ = {isa = PBXBuildFile; fileRef = 7C9248D027FBFED800FFBA3F /* PrioritySortDescriptiors.swift */; };
		7C9248D527FC530B00FFBA3F /* ProfileIconList.swift in Sources */ = {isa = PBXBuildFile; fileRef = 7C9248D427FC530B00FFBA3F /* ProfileIconList.swift */; };
		7C9248D927FC55A000FFBA3F /* IconPickerView.swift in Sources */ = {isa = PBXBuildFile; fileRef = 7C9248D827FC55A000FFBA3F /* IconPickerView.swift */; };
		7C9248DB27FC55B000FFBA3F /* IconCircle.swift in Sources */ = {isa = PBXBuildFile; fileRef = 7C9248DA27FC55B000FFBA3F /* IconCircle.swift */; };
		7C9248DE27FC5B3100FFBA3F /* LaunchScreen.storyboard in Resources */ = {isa = PBXBuildFile; fileRef = 7C9248DD27FC5B3100FFBA3F /* LaunchScreen.storyboard */; };
/* End PBXBuildFile section */

/* Begin PBXFileReference section */
		7C10CDC727FAD42100E9C782 /* BoutTime.app */ = {isa = PBXFileReference; explicitFileType = wrapper.application; includeInIndex = 0; path = BoutTime.app; sourceTree = BUILT_PRODUCTS_DIR; };
		7C10CDCA27FAD42100E9C782 /* BoutTimeApp.swift */ = {isa = PBXFileReference; lastKnownFileType = sourcecode.swift; path = BoutTimeApp.swift; sourceTree = "<group>"; };
		7C10CDCE27FAD42200E9C782 /* Assets.xcassets */ = {isa = PBXFileReference; lastKnownFileType = folder.assetcatalog; path = Assets.xcassets; sourceTree = "<group>"; };
		7C10CDD127FAD42200E9C782 /* Preview Assets.xcassets */ = {isa = PBXFileReference; lastKnownFileType = folder.assetcatalog; path = "Preview Assets.xcassets"; sourceTree = "<group>"; };
		7C10CDD327FAD42200E9C782 /* Persistence.swift */ = {isa = PBXFileReference; lastKnownFileType = sourcecode.swift; path = Persistence.swift; sourceTree = "<group>"; };
		7C10CDD627FAD42200E9C782 /* BoutTime.xcdatamodel */ = {isa = PBXFileReference; lastKnownFileType = wrapper.xcdatamodel; path = BoutTime.xcdatamodel; sourceTree = "<group>"; };
		7C10CDEE27FAD62D00E9C782 /* NumberFormatter.swift */ = {isa = PBXFileReference; lastKnownFileType = sourcecode.swift; path = NumberFormatter.swift; sourceTree = "<group>"; };
		7C10CDF027FAD65E00E9C782 /* PriorityConstants.swift */ = {isa = PBXFileReference; lastKnownFileType = sourcecode.swift; path = PriorityConstants.swift; sourceTree = "<group>"; };
		7C10CDF227FAD66E00E9C782 /* ColorConstants.swift */ = {isa = PBXFileReference; lastKnownFileType = sourcecode.swift; path = ColorConstants.swift; sourceTree = "<group>"; };
		7C10CDF427FAD6A700E9C782 /* ClearTextField.swift */ = {isa = PBXFileReference; lastKnownFileType = sourcecode.swift; path = ClearTextField.swift; sourceTree = "<group>"; };
		7C10CDFB27FAD72200E9C782 /* PointScreen.swift */ = {isa = PBXFileReference; lastKnownFileType = sourcecode.swift; path = PointScreen.swift; sourceTree = "<group>"; };
		7C10CDFD27FAD73700E9C782 /* PrioritiesScreen.swift */ = {isa = PBXFileReference; lastKnownFileType = sourcecode.swift; path = PrioritiesScreen.swift; sourceTree = "<group>"; };
		7C10CDFF27FAD75000E9C782 /* AddPrioritySheetView.swift */ = {isa = PBXFileReference; lastKnownFileType = sourcecode.swift; path = AddPrioritySheetView.swift; sourceTree = "<group>"; };
		7C10CE0727FAD78600E9C782 /* EditPrioritySheetView.swift */ = {isa = PBXFileReference; lastKnownFileType = sourcecode.swift; path = EditPrioritySheetView.swift; sourceTree = "<group>"; };
		7C10CE0927FAD79400E9C782 /* EditPointSheetView.swift */ = {isa = PBXFileReference; lastKnownFileType = sourcecode.swift; path = EditPointSheetView.swift; sourceTree = "<group>"; };
		7C10CE0B27FAD87C00E9C782 /* ColorPickerView.swift */ = {isa = PBXFileReference; lastKnownFileType = sourcecode.swift; path = ColorPickerView.swift; sourceTree = "<group>"; };
		7C10CE0E27FAD8A100E9C782 /* ColorCircle.swift */ = {isa = PBXFileReference; lastKnownFileType = sourcecode.swift; path = ColorCircle.swift; sourceTree = "<group>"; };
		7C10CE1027FAD94900E9C782 /* CheckBoxView.swift */ = {isa = PBXFileReference; lastKnownFileType = sourcecode.swift; path = CheckBoxView.swift; sourceTree = "<group>"; };
		7C10CE1227FAD95800E9C782 /* CardDetailView.swift */ = {isa = PBXFileReference; lastKnownFileType = sourcecode.swift; path = CardDetailView.swift; sourceTree = "<group>"; };
		7C10CE1527FAD96500E9C782 /* PointView.swift */ = {isa = PBXFileReference; lastKnownFileType = sourcecode.swift; path = PointView.swift; sourceTree = "<group>"; };
		7C10CE1727FAD9F800E9C782 /* ListCardView.swift */ = {isa = PBXFileReference; lastKnownFileType = sourcecode.swift; path = ListCardView.swift; sourceTree = "<group>"; };
		7C10CE1A27FADA2300E9C782 /* OnProgressView.swift */ = {isa = PBXFileReference; lastKnownFileType = sourcecode.swift; path = OnProgressView.swift; sourceTree = "<group>"; };
		7C10CE1C27FADA2E00E9C782 /* FinishedView.swift */ = {isa = PBXFileReference; lastKnownFileType = sourcecode.swift; path = FinishedView.swift; sourceTree = "<group>"; };
		7C10CE2827FAFA7F00E9C782 /* PriorityItem+CoreDataClass.swift */ = {isa = PBXFileReference; lastKnownFileType = sourcecode.swift; path = "PriorityItem+CoreDataClass.swift"; sourceTree = "<group>"; };
		7C10CE2927FAFA7F00E9C782 /* PriorityItem+CoreDataProperties.swift */ = {isa = PBXFileReference; lastKnownFileType = sourcecode.swift; path = "PriorityItem+CoreDataProperties.swift"; sourceTree = "<group>"; };
		7C10CE2D27FB1C5C00E9C782 /* TrimString.swift */ = {isa = PBXFileReference; lastKnownFileType = sourcecode.swift; path = TrimString.swift; sourceTree = "<group>"; };
		7C9248CE27FBECAC00FFBA3F /* Transition.swift */ = {isa = PBXFileReference; lastKnownFileType = sourcecode.swift; path = Transition.swift; sourceTree = "<group>"; };
		7C9248D027FBFED800FFBA3F /* PrioritySortDescriptiors.swift */ = {isa = PBXFileReference; lastKnownFileType = sourcecode.swift; path = PrioritySortDescriptiors.swift; sourceTree = "<group>"; };
		7C9248D427FC530B00FFBA3F /* ProfileIconList.swift */ = {isa = PBXFileReference; lastKnownFileType = sourcecode.swift; path = ProfileIconList.swift; sourceTree = "<group>"; };
		7C9248D827FC55A000FFBA3F /* IconPickerView.swift */ = {isa = PBXFileReference; lastKnownFileType = sourcecode.swift; path = IconPickerView.swift; sourceTree = "<group>"; };
		7C9248DA27FC55B000FFBA3F /* IconCircle.swift */ = {isa = PBXFileReference; lastKnownFileType = sourcecode.swift; path = IconCircle.swift; sourceTree = "<group>"; };
		7C9248DD27FC5B3100FFBA3F /* LaunchScreen.storyboard */ = {isa = PBXFileReference; lastKnownFileType = file.storyboard; path = LaunchScreen.storyboard; sourceTree = "<group>"; };
/* End PBXFileReference section */

/* Begin PBXFrameworksBuildPhase section */
		7C10CDC427FAD42100E9C782 /* Frameworks */ = {
			isa = PBXFrameworksBuildPhase;
			buildActionMask = 2147483647;
			files = (
			);
			runOnlyForDeploymentPostprocessing = 0;
		};
/* End PBXFrameworksBuildPhase section */

/* Begin PBXGroup section */
		7C10CDBE27FAD42100E9C782 = {
			isa = PBXGroup;
			children = (
				7C10CE2227FAF7A800E9C782 /* DataClass */,
				7C10CDC927FAD42100E9C782 /* BoutTime */,
				7C10CDC827FAD42100E9C782 /* Products */,
			);
			sourceTree = "<group>";
		};
		7C10CDC827FAD42100E9C782 /* Products */ = {
			isa = PBXGroup;
			children = (
				7C10CDC727FAD42100E9C782 /* BoutTime.app */,
			);
			name = Products;
			sourceTree = "<group>";
		};
		7C10CDC927FAD42100E9C782 /* BoutTime */ = {
			isa = PBXGroup;
			children = (
				7C9248DC27FC5B2000FFBA3F /* LaunchScreen */,
				7C10CDF827FAD6FB00E9C782 /* Data */,
				7C10CDDF27FAD45700E9C782 /* Views */,
				7C10CDDE27FAD45000E9C782 /* Screens */,
				7C10CDDD27FAD44A00E9C782 /* Utils */,
				7C10CDCA27FAD42100E9C782 /* BoutTimeApp.swift */,
				7C10CDCE27FAD42200E9C782 /* Assets.xcassets */,
				7C10CDD327FAD42200E9C782 /* Persistence.swift */,
				7C10CDD027FAD42200E9C782 /* Preview Content */,
			);
			path = BoutTime;
			sourceTree = "<group>";
		};
		7C10CDD027FAD42200E9C782 /* Preview Content */ = {
			isa = PBXGroup;
			children = (
				7C10CDD127FAD42200E9C782 /* Preview Assets.xcassets */,
			);
			path = "Preview Content";
			sourceTree = "<group>";
		};
		7C10CDDD27FAD44A00E9C782 /* Utils */ = {
			isa = PBXGroup;
			children = (
				7C10CE2C27FB1C5000E9C782 /* Extensions */,
				7C10CDE427FAD48500E9C782 /* Formatters */,
				7C10CDE227FAD47800E9C782 /* Constants */,
				7C10CDE027FAD46B00E9C782 /* Modifiers */,
			);
			path = Utils;
			sourceTree = "<group>";
		};
		7C10CDDE27FAD45000E9C782 /* Screens */ = {
			isa = PBXGroup;
			children = (
				7C10CDFB27FAD72200E9C782 /* PointScreen.swift */,
				7C10CDFD27FAD73700E9C782 /* PrioritiesScreen.swift */,
			);
			path = Screens;
			sourceTree = "<group>";
		};
		7C10CDDF27FAD45700E9C782 /* Views */ = {
			isa = PBXGroup;
			children = (
				7C10CDE927FAD4E200E9C782 /* ComponentViews */,
				7C10CDE627FAD4B000E9C782 /* SheetViews */,
			);
			path = Views;
			sourceTree = "<group>";
		};
		7C10CDE027FAD46B00E9C782 /* Modifiers */ = {
			isa = PBXGroup;
			children = (
				7C10CDF427FAD6A700E9C782 /* ClearTextField.swift */,
			);
			path = Modifiers;
			sourceTree = "<group>";
		};
		7C10CDE227FAD47800E9C782 /* Constants */ = {
			isa = PBXGroup;
			children = (
				7C10CDF027FAD65E00E9C782 /* PriorityConstants.swift */,
				7C10CDF227FAD66E00E9C782 /* ColorConstants.swift */,
				7C9248D027FBFED800FFBA3F /* PrioritySortDescriptiors.swift */,
				7C9248D427FC530B00FFBA3F /* ProfileIconList.swift */,
			);
			path = Constants;
			sourceTree = "<group>";
		};
		7C10CDE427FAD48500E9C782 /* Formatters */ = {
			isa = PBXGroup;
			children = (
				7C10CDEE27FAD62D00E9C782 /* NumberFormatter.swift */,
			);
			path = Formatters;
			sourceTree = "<group>";
		};
		7C10CDE627FAD4B000E9C782 /* SheetViews */ = {
			isa = PBXGroup;
			children = (
				7C10CDE827FAD4C500E9C782 /* PrioritySheets */,
				7C10CDE727FAD4BC00E9C782 /* PointSheets */,
			);
			path = SheetViews;
			sourceTree = "<group>";
		};
		7C10CDE727FAD4BC00E9C782 /* PointSheets */ = {
			isa = PBXGroup;
			children = (
				7C10CE0927FAD79400E9C782 /* EditPointSheetView.swift */,
			);
			path = PointSheets;
			sourceTree = "<group>";
		};
		7C10CDE827FAD4C500E9C782 /* PrioritySheets */ = {
			isa = PBXGroup;
			children = (
				7C10CDFF27FAD75000E9C782 /* AddPrioritySheetView.swift */,
				7C10CE0727FAD78600E9C782 /* EditPrioritySheetView.swift */,
			);
			path = PrioritySheets;
			sourceTree = "<group>";
		};
		7C10CDE927FAD4E200E9C782 /* ComponentViews */ = {
			isa = PBXGroup;
			children = (
				7C10CDEB27FAD4F400E9C782 /* PointComponentViews */,
				7C10CDEA27FAD4EB00E9C782 /* PriorityComponentViews */,
			);
			path = ComponentViews;
			sourceTree = "<group>";
		};
		7C10CDEA27FAD4EB00E9C782 /* PriorityComponentViews */ = {
			isa = PBXGroup;
			children = (
				7C10CE1927FADA1300E9C782 /* SectionViews */,
				7C10CDEC27FAD50000E9C782 /* CardComponentViews */,
				7C10CE1727FAD9F800E9C782 /* ListCardView.swift */,
			);
			path = PriorityComponentViews;
			sourceTree = "<group>";
		};
		7C10CDEB27FAD4F400E9C782 /* PointComponentViews */ = {
			isa = PBXGroup;
			children = (
				7C9248D727FC558900FFBA3F /* IconPicker */,
				7C9248D627FC558100FFBA3F /* ColorPicker */,
			);
			path = PointComponentViews;
			sourceTree = "<group>";
		};
		7C10CDEC27FAD50000E9C782 /* CardComponentViews */ = {
			isa = PBXGroup;
			children = (
				7C10CE1027FAD94900E9C782 /* CheckBoxView.swift */,
				7C10CE1227FAD95800E9C782 /* CardDetailView.swift */,
				7C10CE1527FAD96500E9C782 /* PointView.swift */,
			);
			path = CardComponentViews;
			sourceTree = "<group>";
		};
		7C10CDF827FAD6FB00E9C782 /* Data */ = {
			isa = PBXGroup;
			children = (
				7C10CDD527FAD42200E9C782 /* BoutTime.xcdatamodeld */,
			);
			path = Data;
			sourceTree = "<group>";
		};
		7C10CE1927FADA1300E9C782 /* SectionViews */ = {
			isa = PBXGroup;
			children = (
				7C10CE1A27FADA2300E9C782 /* OnProgressView.swift */,
				7C10CE1C27FADA2E00E9C782 /* FinishedView.swift */,
			);
			path = SectionViews;
			sourceTree = "<group>";
		};
		7C10CE2227FAF7A800E9C782 /* DataClass */ = {
			isa = PBXGroup;
			children = (
				7C10CE2327FAF7AF00E9C782 /* PriorityEntity */,
			);
			path = DataClass;
			sourceTree = "<group>";
		};
		7C10CE2327FAF7AF00E9C782 /* PriorityEntity */ = {
			isa = PBXGroup;
			children = (
				7C10CE2827FAFA7F00E9C782 /* PriorityItem+CoreDataClass.swift */,
				7C10CE2927FAFA7F00E9C782 /* PriorityItem+CoreDataProperties.swift */,
			);
			path = PriorityEntity;
			sourceTree = "<group>";
		};
		7C10CE2C27FB1C5000E9C782 /* Extensions */ = {
			isa = PBXGroup;
			children = (
				7C10CE2D27FB1C5C00E9C782 /* TrimString.swift */,
				7C9248CE27FBECAC00FFBA3F /* Transition.swift */,
			);
			path = Extensions;
			sourceTree = "<group>";
		};
		7C9248D627FC558100FFBA3F /* ColorPicker */ = {
			isa = PBXGroup;
			children = (
				7C10CE0B27FAD87C00E9C782 /* ColorPickerView.swift */,
				7C10CE0E27FAD8A100E9C782 /* ColorCircle.swift */,
			);
			path = ColorPicker;
			sourceTree = "<group>";
		};
		7C9248D727FC558900FFBA3F /* IconPicker */ = {
			isa = PBXGroup;
			children = (
				7C9248D827FC55A000FFBA3F /* IconPickerView.swift */,
				7C9248DA27FC55B000FFBA3F /* IconCircle.swift */,
			);
			path = IconPicker;
			sourceTree = "<group>";
		};
		7C9248DC27FC5B2000FFBA3F /* LaunchScreen */ = {
			isa = PBXGroup;
			children = (
				7C9248DD27FC5B3100FFBA3F /* LaunchScreen.storyboard */,
			);
			path = LaunchScreen;
			sourceTree = "<group>";
		};
/* End PBXGroup section */

/* Begin PBXNativeTarget section */
		7C10CDC627FAD42100E9C782 /* BoutTime */ = {
			isa = PBXNativeTarget;
			buildConfigurationList = 7C10CDDA27FAD42200E9C782 /* Build configuration list for PBXNativeTarget "BoutTime" */;
			buildPhases = (
				7C10CDC327FAD42100E9C782 /* Sources */,
				7C10CDC427FAD42100E9C782 /* Frameworks */,
				7C10CDC527FAD42100E9C782 /* Resources */,
			);
			buildRules = (
			);
			dependencies = (
			);
			name = BoutTime;
			productName = BoutTime;
			productReference = 7C10CDC727FAD42100E9C782 /* BoutTime.app */;
			productType = "com.apple.product-type.application";
		};
/* End PBXNativeTarget section */

/* Begin PBXProject section */
		7C10CDBF27FAD42100E9C782 /* Project object */ = {
			isa = PBXProject;
			attributes = {
				BuildIndependentTargetsInParallel = 1;
				LastSwiftUpdateCheck = 1330;
				LastUpgradeCheck = 1330;
				TargetAttributes = {
					7C10CDC627FAD42100E9C782 = {
						CreatedOnToolsVersion = 13.3;
					};
				};
			};
			buildConfigurationList = 7C10CDC227FAD42100E9C782 /* Build configuration list for PBXProject "BoutTime" */;
			compatibilityVersion = "Xcode 13.0";
			developmentRegion = en;
			hasScannedForEncodings = 0;
			knownRegions = (
				en,
				Base,
			);
			mainGroup = 7C10CDBE27FAD42100E9C782;
			productRefGroup = 7C10CDC827FAD42100E9C782 /* Products */;
			projectDirPath = "";
			projectRoot = "";
			targets = (
				7C10CDC627FAD42100E9C782 /* BoutTime */,
			);
		};
/* End PBXProject section */

/* Begin PBXResourcesBuildPhase section */
		7C10CDC527FAD42100E9C782 /* Resources */ = {
			isa = PBXResourcesBuildPhase;
			buildActionMask = 2147483647;
			files = (
				7C9248DE27FC5B3100FFBA3F /* LaunchScreen.storyboard in Resources */,
				7C10CDD227FAD42200E9C782 /* Preview Assets.xcassets in Resources */,
				7C10CDCF27FAD42200E9C782 /* Assets.xcassets in Resources */,
			);
			runOnlyForDeploymentPostprocessing = 0;
		};
/* End PBXResourcesBuildPhase section */

/* Begin PBXSourcesBuildPhase section */
		7C10CDC327FAD42100E9C782 /* Sources */ = {
			isa = PBXSourcesBuildPhase;
			buildActionMask = 2147483647;
			files = (
				7C10CE2A27FAFA7F00E9C782 /* PriorityItem+CoreDataClass.swift in Sources */,
				7C10CDD427FAD42200E9C782 /* Persistence.swift in Sources */,
				7C10CDF127FAD65E00E9C782 /* PriorityConstants.swift in Sources */,
				7C10CE1D27FADA2E00E9C782 /* FinishedView.swift in Sources */,
				7C10CDF327FAD66E00E9C782 /* ColorConstants.swift in Sources */,
				7C10CDEF27FAD62D00E9C782 /* NumberFormatter.swift in Sources */,
				7C9248D527FC530B00FFBA3F /* ProfileIconList.swift in Sources */,
				7C10CE1127FAD94900E9C782 /* CheckBoxView.swift in Sources */,
				7C10CE0027FAD75000E9C782 /* AddPrioritySheetView.swift in Sources */,
				7C10CDFE27FAD73700E9C782 /* PrioritiesScreen.swift in Sources */,
				7C10CE1627FAD96500E9C782 /* PointView.swift in Sources */,
				7C9248D127FBFED800FFBA3F /* PrioritySortDescriptiors.swift in Sources */,
				7C9248CF27FBECAC00FFBA3F /* Transition.swift in Sources */,
				7C10CE2E27FB1C5C00E9C782 /* TrimString.swift in Sources */,
				7C9248DB27FC55B000FFBA3F /* IconCircle.swift in Sources */,
				7C9248D927FC55A000FFBA3F /* IconPickerView.swift in Sources */,
				7C10CE0A27FAD79400E9C782 /* EditPointSheetView.swift in Sources */,
				7C10CE2B27FAFA7F00E9C782 /* PriorityItem+CoreDataProperties.swift in Sources */,
				7C10CE1827FAD9F800E9C782 /* ListCardView.swift in Sources */,
				7C10CE1327FAD95800E9C782 /* CardDetailView.swift in Sources */,
				7C10CE0827FAD78600E9C782 /* EditPrioritySheetView.swift in Sources */,
				7C10CDD727FAD42200E9C782 /* BoutTime.xcdatamodeld in Sources */,
				7C10CDCB27FAD42100E9C782 /* BoutTimeApp.swift in Sources */,
				7C10CDF527FAD6A700E9C782 /* ClearTextField.swift in Sources */,
				7C10CDFC27FAD72200E9C782 /* PointScreen.swift in Sources */,
				7C10CE0F27FAD8A100E9C782 /* ColorCircle.swift in Sources */,
				7C10CE1B27FADA2300E9C782 /* OnProgressView.swift in Sources */,
				7C10CE0C27FAD87C00E9C782 /* ColorPickerView.swift in Sources */,
			);
			runOnlyForDeploymentPostprocessing = 0;
		};
/* End PBXSourcesBuildPhase section */

/* Begin XCBuildConfiguration section */
		7C10CDD827FAD42200E9C782 /* Debug */ = {
			isa = XCBuildConfiguration;
			buildSettings = {
				ALWAYS_SEARCH_USER_PATHS = NO;
				CLANG_ANALYZER_NONNULL = YES;
				CLANG_ANALYZER_NUMBER_OBJECT_CONVERSION = YES_AGGRESSIVE;
				CLANG_CXX_LANGUAGE_STANDARD = "gnu++17";
				CLANG_ENABLE_MODULES = YES;
				CLANG_ENABLE_OBJC_ARC = YES;
				CLANG_ENABLE_OBJC_WEAK = YES;
				CLANG_WARN_BLOCK_CAPTURE_AUTORELEASING = YES;
				CLANG_WARN_BOOL_CONVERSION = YES;
				CLANG_WARN_COMMA = YES;
				CLANG_WARN_CONSTANT_CONVERSION = YES;
				CLANG_WARN_DEPRECATED_OBJC_IMPLEMENTATIONS = YES;
				CLANG_WARN_DIRECT_OBJC_ISA_USAGE = YES_ERROR;
				CLANG_WARN_DOCUMENTATION_COMMENTS = YES;
				CLANG_WARN_EMPTY_BODY = YES;
				CLANG_WARN_ENUM_CONVERSION = YES;
				CLANG_WARN_INFINITE_RECURSION = YES;
				CLANG_WARN_INT_CONVERSION = YES;
				CLANG_WARN_NON_LITERAL_NULL_CONVERSION = YES;
				CLANG_WARN_OBJC_IMPLICIT_RETAIN_SELF = YES;
				CLANG_WARN_OBJC_LITERAL_CONVERSION = YES;
				CLANG_WARN_OBJC_ROOT_CLASS = YES_ERROR;
				CLANG_WARN_QUOTED_INCLUDE_IN_FRAMEWORK_HEADER = YES;
				CLANG_WARN_RANGE_LOOP_ANALYSIS = YES;
				CLANG_WARN_STRICT_PROTOTYPES = YES;
				CLANG_WARN_SUSPICIOUS_MOVE = YES;
				CLANG_WARN_UNGUARDED_AVAILABILITY = YES_AGGRESSIVE;
				CLANG_WARN_UNREACHABLE_CODE = YES;
				CLANG_WARN__DUPLICATE_METHOD_MATCH = YES;
				COPY_PHASE_STRIP = NO;
				DEBUG_INFORMATION_FORMAT = dwarf;
				ENABLE_STRICT_OBJC_MSGSEND = YES;
				ENABLE_TESTABILITY = YES;
				GCC_C_LANGUAGE_STANDARD = gnu11;
				GCC_DYNAMIC_NO_PIC = NO;
				GCC_NO_COMMON_BLOCKS = YES;
				GCC_OPTIMIZATION_LEVEL = 0;
				GCC_PREPROCESSOR_DEFINITIONS = (
					"DEBUG=1",
					"$(inherited)",
				);
				GCC_WARN_64_TO_32_BIT_CONVERSION = YES;
				GCC_WARN_ABOUT_RETURN_TYPE = YES_ERROR;
				GCC_WARN_UNDECLARED_SELECTOR = YES;
				GCC_WARN_UNINITIALIZED_AUTOS = YES_AGGRESSIVE;
				GCC_WARN_UNUSED_FUNCTION = YES;
				GCC_WARN_UNUSED_VARIABLE = YES;
				IPHONEOS_DEPLOYMENT_TARGET = 15.4;
				MTL_ENABLE_DEBUG_INFO = INCLUDE_SOURCE;
				MTL_FAST_MATH = YES;
				ONLY_ACTIVE_ARCH = YES;
				SDKROOT = iphoneos;
				SWIFT_ACTIVE_COMPILATION_CONDITIONS = DEBUG;
				SWIFT_OPTIMIZATION_LEVEL = "-Onone";
			};
			name = Debug;
		};
		7C10CDD927FAD42200E9C782 /* Release */ = {
			isa = XCBuildConfiguration;
			buildSettings = {
				ALWAYS_SEARCH_USER_PATHS = NO;
				CLANG_ANALYZER_NONNULL = YES;
				CLANG_ANALYZER_NUMBER_OBJECT_CONVERSION = YES_AGGRESSIVE;
				CLANG_CXX_LANGUAGE_STANDARD = "gnu++17";
				CLANG_ENABLE_MODULES = YES;
				CLANG_ENABLE_OBJC_ARC = YES;
				CLANG_ENABLE_OBJC_WEAK = YES;
				CLANG_WARN_BLOCK_CAPTURE_AUTORELEASING = YES;
				CLANG_WARN_BOOL_CONVERSION = YES;
				CLANG_WARN_COMMA = YES;
				CLANG_WARN_CONSTANT_CONVERSION = YES;
				CLANG_WARN_DEPRECATED_OBJC_IMPLEMENTATIONS = YES;
				CLANG_WARN_DIRECT_OBJC_ISA_USAGE = YES_ERROR;
				CLANG_WARN_DOCUMENTATION_COMMENTS = YES;
				CLANG_WARN_EMPTY_BODY = YES;
				CLANG_WARN_ENUM_CONVERSION = YES;
				CLANG_WARN_INFINITE_RECURSION = YES;
				CLANG_WARN_INT_CONVERSION = YES;
				CLANG_WARN_NON_LITERAL_NULL_CONVERSION = YES;
				CLANG_WARN_OBJC_IMPLICIT_RETAIN_SELF = YES;
				CLANG_WARN_OBJC_LITERAL_CONVERSION = YES;
				CLANG_WARN_OBJC_ROOT_CLASS = YES_ERROR;
				CLANG_WARN_QUOTED_INCLUDE_IN_FRAMEWORK_HEADER = YES;
				CLANG_WARN_RANGE_LOOP_ANALYSIS = YES;
				CLANG_WARN_STRICT_PROTOTYPES = YES;
				CLANG_WARN_SUSPICIOUS_MOVE = YES;
				CLANG_WARN_UNGUARDED_AVAILABILITY = YES_AGGRESSIVE;
				CLANG_WARN_UNREACHABLE_CODE = YES;
				CLANG_WARN__DUPLICATE_METHOD_MATCH = YES;
				COPY_PHASE_STRIP = NO;
				DEBUG_INFORMATION_FORMAT = "dwarf-with-dsym";
				ENABLE_NS_ASSERTIONS = NO;
				ENABLE_STRICT_OBJC_MSGSEND = YES;
				GCC_C_LANGUAGE_STANDARD = gnu11;
				GCC_NO_COMMON_BLOCKS = YES;
				GCC_WARN_64_TO_32_BIT_CONVERSION = YES;
				GCC_WARN_ABOUT_RETURN_TYPE = YES_ERROR;
				GCC_WARN_UNDECLARED_SELECTOR = YES;
				GCC_WARN_UNINITIALIZED_AUTOS = YES_AGGRESSIVE;
				GCC_WARN_UNUSED_FUNCTION = YES;
				GCC_WARN_UNUSED_VARIABLE = YES;
				IPHONEOS_DEPLOYMENT_TARGET = 15.4;
				MTL_ENABLE_DEBUG_INFO = NO;
				MTL_FAST_MATH = YES;
				SDKROOT = iphoneos;
				SWIFT_COMPILATION_MODE = wholemodule;
				SWIFT_OPTIMIZATION_LEVEL = "-O";
				VALIDATE_PRODUCT = YES;
			};
			name = Release;
		};
		7C10CDDB27FAD42200E9C782 /* Debug */ = {
			isa = XCBuildConfiguration;
			buildSettings = {
				ASSETCATALOG_COMPILER_APPICON_NAME = AppIcon;
				ASSETCATALOG_COMPILER_GLOBAL_ACCENT_COLOR_NAME = AccentColor;
				CODE_SIGN_STYLE = Automatic;
				CURRENT_PROJECT_VERSION = 1;
				DEVELOPMENT_ASSET_PATHS = "\"BoutTime/Preview Content\"";
				DEVELOPMENT_TEAM = 9X8MNF3J54;
				ENABLE_PREVIEWS = YES;
				GENERATE_INFOPLIST_FILE = YES;
				INFOPLIST_KEY_UIApplicationSceneManifest_Generation = YES;
				INFOPLIST_KEY_UIApplicationSupportsIndirectInputEvents = YES;
				INFOPLIST_KEY_UILaunchScreen_Generation = YES;
				INFOPLIST_KEY_UISupportedInterfaceOrientations_iPad = "UIInterfaceOrientationPortrait UIInterfaceOrientationPortraitUpsideDown UIInterfaceOrientationLandscapeLeft UIInterfaceOrientationLandscapeRight";
				INFOPLIST_KEY_UISupportedInterfaceOrientations_iPhone = "UIInterfaceOrientationPortrait UIInterfaceOrientationLandscapeLeft UIInterfaceOrientationLandscapeRight";
				LD_RUNPATH_SEARCH_PATHS = (
					"$(inherited)",
					"@executable_path/Frameworks",
				);
				MARKETING_VERSION = 1.0;
				PRODUCT_BUNDLE_IDENTIFIER = com.jonathandev.BoutTime;
				PRODUCT_NAME = "$(TARGET_NAME)";
				SWIFT_EMIT_LOC_STRINGS = YES;
				SWIFT_VERSION = 5.0;
				TARGETED_DEVICE_FAMILY = "1,2";
			};
			name = Debug;
		};
		7C10CDDC27FAD42200E9C782 /* Release */ = {
			isa = XCBuildConfiguration;
			buildSettings = {
				ASSETCATALOG_COMPILER_APPICON_NAME = AppIcon;
				ASSETCATALOG_COMPILER_GLOBAL_ACCENT_COLOR_NAME = AccentColor;
				CODE_SIGN_STYLE = Automatic;
				CURRENT_PROJECT_VERSION = 1;
				DEVELOPMENT_ASSET_PATHS = "\"BoutTime/Preview Content\"";
				DEVELOPMENT_TEAM = 9X8MNF3J54;
				ENABLE_PREVIEWS = YES;
				GENERATE_INFOPLIST_FILE = YES;
				INFOPLIST_KEY_UIApplicationSceneManifest_Generation = YES;
				INFOPLIST_KEY_UIApplicationSupportsIndirectInputEvents = YES;
				INFOPLIST_KEY_UILaunchScreen_Generation = YES;
				INFOPLIST_KEY_UISupportedInterfaceOrientations_iPad = "UIInterfaceOrientationPortrait UIInterfaceOrientationPortraitUpsideDown UIInterfaceOrientationLandscapeLeft UIInterfaceOrientationLandscapeRight";
				INFOPLIST_KEY_UISupportedInterfaceOrientations_iPhone = "UIInterfaceOrientationPortrait UIInterfaceOrientationLandscapeLeft UIInterfaceOrientationLandscapeRight";
				LD_RUNPATH_SEARCH_PATHS = (
					"$(inherited)",
					"@executable_path/Frameworks",
				);
				MARKETING_VERSION = 1.0;
				PRODUCT_BUNDLE_IDENTIFIER = com.jonathandev.BoutTime;
				PRODUCT_NAME = "$(TARGET_NAME)";
				SWIFT_EMIT_LOC_STRINGS = YES;
				SWIFT_VERSION = 5.0;
				TARGETED_DEVICE_FAMILY = "1,2";
			};
			name = Release;
		};
/* End XCBuildConfiguration section */

/* Begin XCConfigurationList section */
		7C10CDC227FAD42100E9C782 /* Build configuration list for PBXProject "BoutTime" */ = {
			isa = XCConfigurationList;
			buildConfigurations = (
				7C10CDD827FAD42200E9C782 /* Debug */,
				7C10CDD927FAD42200E9C782 /* Release */,
			);
			defaultConfigurationIsVisible = 0;
			defaultConfigurationName = Release;
		};
		7C10CDDA27FAD42200E9C782 /* Build configuration list for PBXNativeTarget "BoutTime" */ = {
			isa = XCConfigurationList;
			buildConfigurations = (
				7C10CDDB27FAD42200E9C782 /* Debug */,
				7C10CDDC27FAD42200E9C782 /* Release */,
			);
			defaultConfigurationIsVisible = 0;
			defaultConfigurationName = Release;
		};
/* End XCConfigurationList section */

/* Begin XCVersionGroup section */
		7C10CDD527FAD42200E9C782 /* BoutTime.xcdatamodeld */ = {
			isa = XCVersionGroup;
			children = (
				7C10CDD627FAD42200E9C782 /* BoutTime.xcdatamodel */,
			);
			currentVersion = 7C10CDD627FAD42200E9C782 /* BoutTime.xcdatamodel */;
			path = BoutTime.xcdatamodeld;
			sourceTree = "<group>";
			versionGroupType = wrapper.xcdatamodel;
		};
/* End XCVersionGroup section */
	};
	rootObject = 7C10CDBF27FAD42100E9C782 /* Project object */;
}
